
Microsoft Visual Studio Solution File, Format Version 12.00
# Visual Studio Version 17
VisualStudioVersion = 17.5.33414.496
MinimumVisualStudioVersion = 10.0.40219.1
Project("{FAE04EC0-301F-11D3-BF4B-00C04F79EFBC}") = "Image Editor", "Image Editor\Image Editor.csproj", "{D320B539-81BC-42A9-9C3C-39506D62E771}"
EndProject
Global
	GlobalSection(SolutionConfigurationPlatforms) = preSolution
		Debug|Any CPU = Debug|Any CPU
		Release|Any CPU = Release|Any CPU
	EndGlobalSection
	GlobalSection(ProjectConfigurationPlatforms) = postSolution
		{D320B539-81BC-42A9-9C3C-39506D62E771}.Debug|Any CPU.ActiveCfg = Debug|Any CPU
		{D320B539-81BC-42A9-9C3C-39506D62E771}.Debug|Any CPU.Build.0 = Debug|Any CPU
		{D320B539-81BC-42A9-9C3C-39506D62E771}.Release|Any CPU.ActiveCfg = Release|Any CPU
		{D320B539-81BC-42A9-9C3C-39506D62E771}.Release|Any CPU.Build.0 = Release|Any CPU
	EndGlobalSection
	GlobalSection(SolutionProperties) = preSolution
		HideSolutionNode = FALSE
	EndGlobalSection
	GlobalSection(ExtensibilityGlobals) = postSolution
		SolutionGuid = {F99F1DFF-D977-4437-B9D4-B5B4C80225B0}
	EndGlobalSection
EndGlobal
